
Microsoft Visual Studio Solution File, Format Version 12.00
# Visual Studio Version 17
VisualStudioVersion = 17.11.35312.102
MinimumVisualStudioVersion = 10.0.40219.1
Project("{FAE04EC0-301F-11D3-BF4B-00C04F79EFBC}") = "Lab3_9VarProg", "Lab3_9VarProg.csproj", "{9D9D316D-B4BF-457C-8FE4-E56605093D9C}"
EndProject
Global
	GlobalSection(SolutionConfigurationPlatforms) = preSolution
		Debug|Any CPU = Debug|Any CPU
		Release|Any CPU = Release|Any CPU
	EndGlobalSection
	GlobalSection(ProjectConfigurationPlatforms) = postSolution
		{9D9D316D-B4BF-457C-8FE4-E56605093D9C}.Debug|Any CPU.ActiveCfg = Debug|Any CPU
		{9D9D316D-B4BF-457C-8FE4-E56605093D9C}.Debug|Any CPU.Build.0 = Debug|Any CPU
		{9D9D316D-B4BF-457C-8FE4-E56605093D9C}.Release|Any CPU.ActiveCfg = Release|Any CPU
		{9D9D316D-B4BF-457C-8FE4-E56605093D9C}.Release|Any CPU.Build.0 = Release|Any CPU
	EndGlobalSection
	GlobalSection(SolutionProperties) = preSolution
		HideSolutionNode = FALSE
	EndGlobalSection
	GlobalSection(ExtensibilityGlobals) = postSolution
		SolutionGuid = {89B9008C-6122-4C38-A74D-3C4E3059082A}
	EndGlobalSection
EndGlobal
